
Microsoft Visual Studio Solution File, Format Version 12.00
# Visual Studio Version 17
VisualStudioVersion = 17.6.33815.320
MinimumVisualStudioVersion = 10.0.40219.1
Project("{FAE04EC0-301F-11D3-BF4B-00C04F79EFBC}") = "FileSystem CurseWork OS", "FileSystem CurseWork OS\FileSystem CurseWork OS.csproj", "{FD6E92C5-132C-4CD4-A43B-08146906DAA8}"
EndProject
Global
	GlobalSection(SolutionConfigurationPlatforms) = preSolution
		Debug|Any CPU = Debug|Any CPU
		Release|Any CPU = Release|Any CPU
	EndGlobalSection
	GlobalSection(ProjectConfigurationPlatforms) = postSolution
		{FD6E92C5-132C-4CD4-A43B-08146906DAA8}.Debug|Any CPU.ActiveCfg = Debug|Any CPU
		{FD6E92C5-132C-4CD4-A43B-08146906DAA8}.Debug|Any CPU.Build.0 = Debug|Any CPU
		{FD6E92C5-132C-4CD4-A43B-08146906DAA8}.Release|Any CPU.ActiveCfg = Release|Any CPU
		{FD6E92C5-132C-4CD4-A43B-08146906DAA8}.Release|Any CPU.Build.0 = Release|Any CPU
	EndGlobalSection
	GlobalSection(SolutionProperties) = preSolution
		HideSolutionNode = FALSE
	EndGlobalSection
	GlobalSection(ExtensibilityGlobals) = postSolution
		SolutionGuid = {8C95E80E-9DC9-459D-BA20-1C8D6FE84395}
	EndGlobalSection
EndGlobal
